@EXPLICIT
https://conda.anaconda.org/conda-forge/linux-64/4ti2-1.6.15-h4181bf9_0.conda#113ceeff5c9c399227ceb59e9afec5d45cc48d6902af6d49db96d9d5a93145a9
https://conda.anaconda.org/conda-forge/linux-64/_openmp_mutex-4.5-20_gnu.conda#1dd3fffd892081df9726d7eb7e0dea6198962ba775bd88842135a4ddb4deb3c9
https://conda.anaconda.org/conda-forge/linux-64/autoconf-2.72-pl5321hbb4ee43_1.conda#8297a545b15576a899ffc0293a9b25c7d9895e155c61d96f266d38c3c46640cb
https://conda.anaconda.org/conda-forge/linux-64/automake-1.17-pl5321ha770c72_0.conda#b5c383c4b95c405796c309d9149ae4dd314eab1e8cb0ba1925f0c8f7c304dd26
https://conda.anaconda.org/conda-forge/linux-64/bzip2-1.0.8-hda65f42_10.conda#1a0d382c515ebf55f8ee1f38c8b81bc95af5c2acc42ad53b66bc5df932032f96
https://conda.anaconda.org/conda-forge/noarch/ca-certificates-2026.7.22-hbd8a1cb_0.conda#0a0544cf95f64394fe4959286f5c71f5444ad58feb0602e53becb27448d24da6
https://conda.anaconda.org/conda-forge/linux-64/cddlib-1%210.94n-h91791ec_0.conda#c051870cc5ba036b0d2fc0d51cd593638d88366cac7b77389a757b24fac0e19e
https://conda.anaconda.org/conda-forge/linux-64/gf2x-1.3.0-h55551d5_3.conda#9d690284616288de77b090132cdc081fc50d5f6095a40e594baca4e4c5e0fbdb
https://conda.anaconda.org/conda-forge/linux-64/glpk-5.0-h445213a_0.tar.bz2#0e19c61198ae9e188c43064414a40101f5df09970d4a2c483c0c46a6b1538966
https://conda.anaconda.org/conda-forge/linux-64/gmp-6.3.0-hfd2156b_3.conda#f36c336efc874f346a53a9011f67e997f9faac505562cc18c13b6d399cfe61c7
https://conda.anaconda.org/conda-forge/linux-64/icu-78.3-py310h44b86e0_2.conda#9f07834f0c546ab14d885ce0366285f61f44e326c0edd1fc63b8294e113ae432
https://conda.anaconda.org/conda-forge/linux-64/ld_impl_linux-64-2.46.1-default_hbd61a6d_102.conda#27d83f1188cd19bcb7754a078b3fa7f4cfb8527f8eb2fde54dd01fc529d1adec
https://conda.anaconda.org/conda-forge/linux-64/libboost-1.88.0-hd24cca6_7.conda#dd489228e1916c7720c925248d0ba12803d1dc8b9898be0c51f4ab37bab6ffa5
https://conda.anaconda.org/conda-forge/linux-64/libeantic-2.1.1-ha04b11c_1.conda#ec35bafc046cc9a1fc457f61b63f95692980d22bfca6c9d6efa9936e4c5b530b
https://conda.anaconda.org/conda-forge/linux-64/libexpat-2.8.1-hecca717_1.conda#16feffd9ddbbe5b718515d38ee376c685ba95491cd901244e24671d20b952a77
https://conda.anaconda.org/conda-forge/linux-64/libffi-3.4.6-h2dba641_1.conda#764432d32db45466e87f10621db5b74363a9f847d2b8b1f9743746cd160f06ab
https://conda.anaconda.org/conda-forge/linux-64/libflint-3.3.1-h9a6c01d_1.conda#2ac104841053f0ca356a51b3b04d7f744557d728c79d69b919032663ee698774
https://conda.anaconda.org/conda-forge/linux-64/libgcc-16.2.0-ha9f2e26_4.conda#24090e675d34403b4ee1cd4372d8f6c0937da7ecfd66a19a57cac2ed0f4ea793
https://conda.anaconda.org/conda-forge/linux-64/libgcc-ng-16.2.0-h69a702a_4.conda#d8e66c14e23f2b3c70410cff5979d9d357e6edfb990b28d8e630852f4d395629
https://conda.anaconda.org/conda-forge/linux-64/libgomp-16.2.0-he0feb66_4.conda#0fe5cb8e0752241ab55e11656ed1b9726248b522d23b929fe7c95b83eb55b9bb
https://conda.anaconda.org/conda-forge/linux-64/libltdl-2.4.3a-h5888daf_0.conda#7620c6425d4491e17083106ca49624448fc16186c30a93cf2b58f862bba416d1
https://conda.anaconda.org/conda-forge/linux-64/liblzma-5.8.3-hb03c661_1.conda#9787df8c22a59c9a70d3e5a10db9ad663485e75e9ccc3f09bd092cb7b95e0dab
https://conda.anaconda.org/conda-forge/linux-64/libmpdec-4.0.0-hb03c661_2.conda#46820b4a835e175940ae20bec00fdddaff804cda27a1408ab1b95e77a2196437
https://conda.anaconda.org/conda-forge/linux-64/libsqlite-3.53.4-h13e7031_1.conda#f20d70da54e5b31dd4a51fb1efeaafafd5ab6dd8d7ac9d1438eaa2526ac4ed3d
https://conda.anaconda.org/conda-forge/linux-64/libstdcxx-16.2.0-h934c35e_4.conda#40b792b0186c1e8859280a1f6f19a54fc50a11b32724fc7b637009c1a9bd302b
https://conda.anaconda.org/conda-forge/linux-64/libtool-2.5.4-h5888daf_0.conda#c8245c70ba5b075e0cd61f430afbda00b60931603ed4ea31ce89e7fe930e4e3d
https://conda.anaconda.org/conda-forge/linux-64/libuuid-2.42.3-hcfc3c73_0.conda#aa58bbba56644ffd062a4a9b358782c5eb7560ccead2ab8f7c5c6ede0a7d33a6
https://conda.anaconda.org/conda-forge/linux-64/libxcrypt-4.4.38-h280c20c_0.conda#f7e9292dd219a6435bbb1223da9586c3e70d66d169c5a92f08db3f2127df04e9
https://conda.anaconda.org/conda-forge/linux-64/libzlib-1.3.2-h25fd6f3_3.conda#eb8a0db0aa570124f7d2a93d7c7f596e3390df5e047818d873baad32985fc736
https://conda.anaconda.org/conda-forge/linux-64/m4-1.4.21-hb03c661_0.conda#5602528aaeb58b02259d68bdc8eca934a18e449df8bf8f904c039c9749e3514c
https://conda.anaconda.org/conda-forge/linux-64/make-4.4.1-hb03c661_3.conda#4c65d2769847778a6d84db6984ac81bcec6f8958d349f1fe57ae040ccc56a801
https://conda.anaconda.org/conda-forge/linux-64/mpfr-4.2.2-ha2cb11d_1.conda#0be79ef2ee536e0c5d3ddb4a52bbae9f26d08560623299f33db2f4c4a17c525a
https://conda.anaconda.org/conda-forge/linux-64/ncurses-6.6-hdb14827_1.conda#5d46557214ed184381dafe835b7c94a474a1c3b307a08a250b1ea4779b44ffb3
https://conda.anaconda.org/conda-forge/linux-64/normaliz-3.11.0-h70d0a6d_1.conda#8f393b7de8283df78946fc4113b5018da9374bf79d2294c280c9c062fb0a474b
https://conda.anaconda.org/conda-forge/linux-64/ntl-11.6.0-h2d42b61_0.conda#611e6e4e5c7668632be9a65decf0ab3d33d64e99f6e2ecb612d1b36f2b988f55
https://conda.anaconda.org/conda-forge/linux-64/openssl-3.6.4-h781a0a9_0.conda#4747b2d6a8336f52343bceb8a1ebf41a9e6e665b9d2e3f989972de53a310599e
https://conda.anaconda.org/conda-forge/linux-64/perl-5.32.1-7_hd590300_perl5.conda#9ec32b6936b0e37bcb0ed34f22ec3116e75b3c0964f9f50ecea5f58734ed6ce9
https://conda.anaconda.org/conda-forge/noarch/pip-26.2.1-pyh145f28c_0.conda#0f7021cfb3ff454c91a5e28e1f5060906a52c6d1cde3f879a7d03ac33c28b1c3
https://conda.anaconda.org/conda-forge/linux-64/pkg-config-0.29.2-h1114479_1012.conda#018493538ea43c93801e45b56e376c03503b188c2441cd35007ad78c4ccae0d6
https://conda.anaconda.org/conda-forge/linux-64/python-3.13.7-h2b335a9_100_cp313.conda#16cc30a5854f31ca6c3688337d34e37a79cdc518a06375fe3482ea8e2d6b34c8
https://conda.anaconda.org/conda-forge/linux-64/python-flint-0.8.0-py313hf2929d0_2.conda#76bc4b1ede8ac631376b2159b96658d4d79671a1a2c5844da6bc98eed92886c1
https://conda.anaconda.org/conda-forge/noarch/python_abi-3.13-9_cp313.conda#9dc0cb6a20ebc7e9bcd8c6868f2bec083c114b0ba20b7118405c036533d5c522
https://conda.anaconda.org/conda-forge/linux-64/readline-8.3-hd6e31c0_1.conda#01b3fe073a66e321970d09e04b388708f8cbdca5cdfbfcb7c9eeb470ad10383d
https://conda.anaconda.org/conda-forge/linux-64/singular-4.4.1-h0d6ddee_3.conda#10d1bf68e8c38a93131b64304c4717ac740302b77fad3a2158f4e89de12ea437
https://conda.anaconda.org/conda-forge/linux-64/tcsh-6.24.16-h18c060e_0.conda#d1fbed202ac1a2292e2eed539c86c60f93d3382b89c867e51a406a0de16613fc
https://conda.anaconda.org/conda-forge/linux-64/tk-8.6.13-noxft_h1df4ec4_4.conda#a1a241d172c1ccab067ba245206dd048bc3c2d1b84504b53c9468e99adfc16a1
https://conda.anaconda.org/conda-forge/noarch/tzdata-2026c-h151e31d_0.conda#b928c30ddcb0e3f544c6eade8352737e6e610e263276b90232db6a578ef899d8
https://conda.anaconda.org/conda-forge/linux-64/zstd-1.5.7-hb78ec9c_7.conda#47d682b9f6d6ec9eb1a6e6c3e75ea6273e899e78fb7fc59f81d39745009fbc60
